
Microsoft Visual Studio Solution File, Format Version 12.00
# Visual Studio Version 17
VisualStudioVersion = 17.14.36930.0
MinimumVisualStudioVersion = 10.0.40219.1
Project("{FAE04EC0-301F-11D3-BF4B-00C04F79EFBC}") = "BusinessHub.WinForms", "BusinessHub\BusinessHub.WinForms.csproj", "{254D2106-5D60-4C6C-953E-6E74B46E7E4F}"
EndProject
Project("{FAE04EC0-301F-11D3-BF4B-00C04F79EFBC}") = "BusinessHub.Core", "BusinessHub.Core\BusinessHub.Core.csproj", "{142FFA72-116D-41C7-9EB3-7E072172F09E}"
EndProject
Project("{FAE04EC0-301F-11D3-BF4B-00C04F79EFBC}") = "BusinessHub.Modules.Persons", "BusinessHub.Modules.Persons\BusinessHub.Modules.Persons.csproj", "{B81B74B9-D622-42CA-88E6-2EC23CC408B6}"
EndProject
Project("{FAE04EC0-301F-11D3-BF4B-00C04F79EFBC}") = "BusinessHub.Modules.Identity", "BusinessHub.Modules.Identity\BusinessHub.Modules.Identity.csproj", "{CD1453ED-0470-42AB-BC07-5ED20EB0762F}"
EndProject
Project("{FAE04EC0-301F-11D3-BF4B-00C04F79EFBC}") = "BusinessHub.Modules.DebtFlow", "BusinessHub.Modules.DebtFlow\BusinessHub.Modules.DebtFlow.csproj", "{9A10AABF-A40E-40C6-B6DE-55919D1498C9}"
EndProject
Project("{2150E333-8FDC-42A3-9474-1A3956D46DE8}") = "Core", "Core", "{02EA681E-C7D8-13C7-8484-4AC65E1B71E8}"
EndProject
Project("{2150E333-8FDC-42A3-9474-1A3956D46DE8}") = "Modules", "Modules", "{24985EDA-DC18-4D3E-A871-81E0DB32CEF5}"
EndProject
Project("{2150E333-8FDC-42A3-9474-1A3956D46DE8}") = "Presentation", "Presentation", "{369CB01D-A1A7-72D2-AABC-3F0945D148A2}"
EndProject
Project("{2150E333-8FDC-42A3-9474-1A3956D46DE8}") = "Identity", "Identity", "{7DC331D0-3EC4-40A6-69FB-1CBEB2E0D1EA}"
EndProject
Project("{2150E333-8FDC-42A3-9474-1A3956D46DE8}") = "DebtFlow", "DebtFlow", "{643747C7-0307-8931-84D8-A7D1915E22E5}"
EndProject
Project("{2150E333-8FDC-42A3-9474-1A3956D46DE8}") = "Persons", "Persons", "{C5B541DC-4E46-4C55-9818-98EB2CB2AA1A}"
EndProject
Project("{2150E333-8FDC-42A3-9474-1A3956D46DE8}") = "HR", "HR", "{5DD28DF0-40A1-400F-A9E0-198AF776BFB1}"
EndProject
Project("{FAE04EC0-301F-11D3-BF4B-00C04F79EFBC}") = "BusinessHub.Modules.HR", "BusinessHub.Modules.Departments\BusinessHub.Modules.HR.csproj", "{19136D65-7C9E-460C-9E12-6D202B44E246}"
EndProject
Global
	GlobalSection(SolutionConfigurationPlatforms) = preSolution
		Debug|Any CPU = Debug|Any CPU
		Release|Any CPU = Release|Any CPU
	EndGlobalSection
	GlobalSection(ProjectConfigurationPlatforms) = postSolution
		{254D2106-5D60-4C6C-953E-6E74B46E7E4F}.Debug|Any CPU.ActiveCfg = Debug|Any CPU
		{254D2106-5D60-4C6C-953E-6E74B46E7E4F}.Debug|Any CPU.Build.0 = Debug|Any CPU
		{254D2106-5D60-4C6C-953E-6E74B46E7E4F}.Release|Any CPU.ActiveCfg = Release|Any CPU
		{254D2106-5D60-4C6C-953E-6E74B46E7E4F}.Release|Any CPU.Build.0 = Release|Any CPU
		{142FFA72-116D-41C7-9EB3-7E072172F09E}.Debug|Any CPU.ActiveCfg = Debug|Any CPU
		{142FFA72-116D-41C7-9EB3-7E072172F09E}.Debug|Any CPU.Build.0 = Debug|Any CPU
		{142FFA72-116D-41C7-9EB3-7E072172F09E}.Release|Any CPU.ActiveCfg = Release|Any CPU
		{142FFA72-116D-41C7-9EB3-7E072172F09E}.Release|Any CPU.Build.0 = Release|Any CPU
		{B81B74B9-D622-42CA-88E6-2EC23CC408B6}.Debug|Any CPU.ActiveCfg = Debug|Any CPU
		{B81B74B9-D622-42CA-88E6-2EC23CC408B6}.Debug|Any CPU.Build.0 = Debug|Any CPU
		{B81B74B9-D622-42CA-88E6-2EC23CC408B6}.Release|Any CPU.ActiveCfg = Release|Any CPU
		{B81B74B9-D622-42CA-88E6-2EC23CC408B6}.Release|Any CPU.Build.0 = Release|Any CPU
		{CD1453ED-0470-42AB-BC07-5ED20EB0762F}.Debug|Any CPU.ActiveCfg = Debug|Any CPU
		{CD1453ED-0470-42AB-BC07-5ED20EB0762F}.Debug|Any CPU.Build.0 = Debug|Any CPU
		{CD1453ED-0470-42AB-BC07-5ED20EB0762F}.Release|Any CPU.ActiveCfg = Release|Any CPU
		{CD1453ED-0470-42AB-BC07-5ED20EB0762F}.Release|Any CPU.Build.0 = Release|Any CPU
		{9A10AABF-A40E-40C6-B6DE-55919D1498C9}.Debug|Any CPU.ActiveCfg = Debug|Any CPU
		{9A10AABF-A40E-40C6-B6DE-55919D1498C9}.Debug|Any CPU.Build.0 = Debug|Any CPU
		{9A10AABF-A40E-40C6-B6DE-55919D1498C9}.Release|Any CPU.ActiveCfg = Release|Any CPU
		{9A10AABF-A40E-40C6-B6DE-55919D1498C9}.Release|Any CPU.Build.0 = Release|Any CPU
		{19136D65-7C9E-460C-9E12-6D202B44E246}.Debug|Any CPU.ActiveCfg = Debug|Any CPU
		{19136D65-7C9E-460C-9E12-6D202B44E246}.Debug|Any CPU.Build.0 = Debug|Any CPU
		{19136D65-7C9E-460C-9E12-6D202B44E246}.Release|Any CPU.ActiveCfg = Release|Any CPU
		{19136D65-7C9E-460C-9E12-6D202B44E246}.Release|Any CPU.Build.0 = Release|Any CPU
	EndGlobalSection
	GlobalSection(SolutionProperties) = preSolution
		HideSolutionNode = FALSE
	EndGlobalSection
	GlobalSection(NestedProjects) = preSolution
		{254D2106-5D60-4C6C-953E-6E74B46E7E4F} = {369CB01D-A1A7-72D2-AABC-3F0945D148A2}
		{142FFA72-116D-41C7-9EB3-7E072172F09E} = {02EA681E-C7D8-13C7-8484-4AC65E1B71E8}
		{B81B74B9-D622-42CA-88E6-2EC23CC408B6} = {C5B541DC-4E46-4C55-9818-98EB2CB2AA1A}
		{CD1453ED-0470-42AB-BC07-5ED20EB0762F} = {7DC331D0-3EC4-40A6-69FB-1CBEB2E0D1EA}
		{9A10AABF-A40E-40C6-B6DE-55919D1498C9} = {643747C7-0307-8931-84D8-A7D1915E22E5}
		{7DC331D0-3EC4-40A6-69FB-1CBEB2E0D1EA} = {24985EDA-DC18-4D3E-A871-81E0DB32CEF5}
		{643747C7-0307-8931-84D8-A7D1915E22E5} = {24985EDA-DC18-4D3E-A871-81E0DB32CEF5}
		{C5B541DC-4E46-4C55-9818-98EB2CB2AA1A} = {24985EDA-DC18-4D3E-A871-81E0DB32CEF5}
		{5DD28DF0-40A1-400F-A9E0-198AF776BFB1} = {24985EDA-DC18-4D3E-A871-81E0DB32CEF5}
		{19136D65-7C9E-460C-9E12-6D202B44E246} = {5DD28DF0-40A1-400F-A9E0-198AF776BFB1}
	EndGlobalSection
	GlobalSection(ExtensibilityGlobals) = postSolution
		SolutionGuid = {26BBD681-4B96-4ECF-B29E-4B7B5F005AF3}
	EndGlobalSection
EndGlobal
